// !$*UTF8*$!
{
	archiveVersion = 1;
	classes = {
	};
	objectVersion = 46;
	objects = {

/* Begin PBXBuildFile section */
		576DE13D1DFF8DE100667000 /* AppDelegate.swift in Sources */ = {isa = PBXBuildFile; fileRef = 576DE13C1DFF8DE100667000 /* AppDelegate.swift */; };
		576DE13F1DFF8DE100667000 /* ViewController.swift in Sources */ = {isa = PBXBuildFile; fileRef = 576DE13E1DFF8DE100667000 /* ViewController.swift */; };
		576DE1421DFF8DE100667000 /* Main.storyboard in Resources */ = {isa = PBXBuildFile; fileRef = 576DE1401DFF8DE100667000 /* Main.storyboard */; };
		576DE1441DFF8DE100667000 /* Assets.xcassets in Resources */ = {isa = PBXBuildFile; fileRef = 576DE1431DFF8DE100667000 /* Assets.xcassets */; };
		576DE1471DFF8DE100667000 /* LaunchScreen.storyboard in Resources */ = {isa = PBXBuildFile; fileRef = 576DE1451DFF8DE100667000 /* LaunchScreen.storyboard */; };
/* End PBXBuildFile section */

/* Begin PBXFileReference section */
		576DE1391DFF8DE100667000 /* Tmp.app */ = {isa = PBXFileReference; explicitFileType = wrapper.application; includeInIndex = 0; path = Tmp.app; sourceTree = BUILT_PRODUCTS_DIR; };
		576DE13C1DFF8DE100667000 /* AppDelegate.swift */ = {isa = PBXFileReference; lastKnownFileType = sourcecode.swift; path = AppDelegate.swift; sourceTree = "<group>"; };
		576DE13E1DFF8DE100667000 /* ViewController.swift */ = {isa = PBXFileReference; lastKnownFileType = sourcecode.swift; path = ViewController.swift; sourceTree = "<group>"; };
		576DE1411DFF8DE100667000 /* Base */ = {isa = PBXFileReference; lastKnownFileType = file.storyboard; name = Base; path = Base.lproj/Main.storyboard; sourceTree = "<group>"; };
		576DE1431DFF8DE100667000 /* Assets.xcassets */ = {isa = PBXFileReference; lastKnownFileType = folder.assetcatalog; path = Assets.xcassets; sourceTree = "<group>"; };
		576DE1461DFF8DE100667000 /* Base */ = {isa = PBXFileReference; lastKnownFileType = file.storyboard; name = Base; path = Base.lproj/LaunchScreen.storyboard; sourceTree = "<group>"; };
		576DE1481DFF8DE100667000 /* Info.plist */ = {isa = PBXFileReference; lastKnownFileType = text.plist.xml; path = Info.plist; sourceTree = "<group>"; };
/* End PBXFileReference section */

/* Begin PBXFrameworksBuildPhase section */
		576DE1361DFF8DE100667000 /* Frameworks */ = {
			isa = PBXFrameworksBuildPhase;
			buildActionMask = 2147483647;
			files = (
			);
			runOnlyForDeploymentPostprocessing = 0;
		};
/* End PBXFrameworksBuildPhase section */

/* Begin PBXGroup section */
		576DE1301DFF8DE100667000 = {
			isa = PBXGroup;
			children = (
				576DE13B1DFF8DE100667000 /* Tmp */,
				576DE13A1DFF8DE100667000 /* Products */,
			);
			sourceTree = "<group>";
		};
		576DE13A1DFF8DE100667000 /* Products */ = {
			isa = PBXGroup;
			children = (
				576DE1391DFF8DE100667000 /* Tmp.app */,
			);
			name = Products;
			sourceTree = "<group>";
		};
		576DE13B1DFF8DE100667000 /* Tmp */ = {
			isa = PBXGroup;
			children = (
				576DE13C1DFF8DE100667000 /* AppDelegate.swift */,
				576DE13E1DFF8DE100667000 /* ViewController.swift */,
				576DE1401DFF8DE100667000 /* Main.storyboard */,
				576DE1431DFF8DE100667000 /* Assets.xcassets */,
				576DE1451DFF8DE100667000 /* LaunchScreen.storyboard */,
				576DE1481DFF8DE100667000 /* Info.plist */,
			);
			path = Tmp;
			sourceTree = "<group>";
		};
/* End PBXGroup section */

/* Begin PBXNativeTarget section */
		576DE1381DFF8DE100667000 /* Tmp */ = {
			isa = PBXNativeTarget;
			buildConfigurationList = 576DE14B1DFF8DE100667000 /* Build configuration list for PBXNativeTarget "Tmp" */;
			buildPhases = (
				576DE1351DFF8DE100667000 /* Sources */,
				576DE1361DFF8DE100667000 /* Frameworks */,
				576DE1371DFF8DE100667000 /* Resources */,
			);
			buildRules = (
			);
			dependencies = (
			);
			name = Tmp;
			productName = Tmp;
			productReference = 576DE1391DFF8DE100667000 /* Tmp.app */;
			productType = "com.apple.product-type.application";
		};
/* End PBXNativeTarget section */

/* Begin PBXProject section */
		576DE1311DFF8DE100667000 /* Project object */ = {
			isa = PBXProject;
			attributes = {
				LastSwiftUpdateCheck = 0800;
				LastUpgradeCheck = 0800;
				ORGANIZATIONNAME = "张永俊";
				TargetAttributes = {
					576DE1381DFF8DE100667000 = {
						CreatedOnToolsVersion = 8.0;
						DevelopmentTeam = K7Y6C8JUH6;
						ProvisioningStyle = Automatic;
					};
				};
			};
			buildConfigurationList = 576DE1341DFF8DE100667000 /* Build configuration list for PBXProject "Tmp" */;
			compatibilityVersion = "Xcode 3.2";
			developmentRegion = English;
			hasScannedForEncodings = 0;
			knownRegions = (
				en,
				Base,
			);
			mainGroup = 576DE1301DFF8DE100667000;
			productRefGroup = 576DE13A1DFF8DE100667000 /* Products */;
			projectDirPath = "";
			projectRoot = "";
			targets = (
				576DE1381DFF8DE100667000 /* Tmp */,
			);
		};
/* End PBXProject section */

/* Begin PBXResourcesBuildPhase section */
		576DE1371DFF8DE100667000 /* Resources */ = {
			isa = PBXResourcesBuildPhase;
			buildActionMask = 2147483647;
			files = (
				576DE1471DFF8DE100667000 /* LaunchScreen.storyboard in Resources */,
				576DE1441DFF8DE100667000 /* Assets.xcassets in Resources */,
				576DE1421DFF8DE100667000 /* Main.storyboard in Resources */,
			);
			runOnlyForDeploymentPostprocessing = 0;
		};
/* End PBXResourcesBuildPhase section */

/* Begin PBXSourcesBuildPhase section */
		576DE1351DFF8DE100667000 /* Sources */ = {
			isa = PBXSourcesBuildPhase;
			buildActionMask = 2147483647;
			files = (
				576DE13F1DFF8DE100667000 /* ViewController.swift in Sources */,
				576DE13D1DFF8DE100667000 /* AppDelegate.swift in Sources */,
			);
			runOnlyForDeploymentPostprocessing = 0;
		};
/* End PBXSourcesBuildPhase section */

/* Begin PBXVariantGroup section */
		576DE1401DFF8DE100667000 /* Main.storyboard */ = {
			isa = PBXVariantGroup;
			children = (
				576DE1411DFF8DE100667000 /* Base */,
			);
			name = Main.storyboard;
			sourceTree = "<group>";
		};
		576DE1451DFF8DE100667000 /* LaunchScreen.storyboard */ = {
			isa = PBXVariantGroup;
			children = (
				576DE1461DFF8DE100667000 /* Base */,
			);
			name = LaunchScreen.storyboard;
			sourceTree = "<group>";
		};
/* End PBXVariantGroup section */

/* Begin XCBuildConfiguration section */
		576DE1491DFF8DE100667000 /* Debug */ = {
			isa = XCBuildConfiguration;
			buildSettings = {
				ALWAYS_SEARCH_USER_PATHS = NO;
				CLANG_ANALYZER_NONNULL = YES;
				CLANG_CXX_LANGUAGE_STANDARD = "gnu++0x";
				CLANG_CXX_LIBRARY = "libc++";
				CLANG_ENABLE_MODULES = YES;
				CLANG_ENABLE_OBJC_ARC = YES;
				CLANG_WARN_BOOL_CONVERSION = YES;
				CLANG_WARN_CONSTANT_CONVERSION = YES;
				CLANG_WARN_DIRECT_OBJC_ISA_USAGE = YES_ERROR;
				CLANG_WARN_DOCUMENTATION_COMMENTS = YES;
				CLANG_WARN_EMPTY_BODY = YES;
				CLANG_WARN_ENUM_CONVERSION = YES;
				CLANG_WARN_INFINITE_RECURSION = YES;
				CLANG_WARN_INT_CONVERSION = YES;
				CLANG_WARN_OBJC_ROOT_CLASS = YES_ERROR;
				CLANG_WARN_SUSPICIOUS_MOVES = YES;
				CLANG_WARN_UNREACHABLE_CODE = YES;
				CLANG_WARN__DUPLICATE_METHOD_MATCH = YES;
				"CODE_SIGN_IDENTITY[sdk=iphoneos*]" = "iPhone Developer";
				COPY_PHASE_STRIP = NO;
				DEBUG_INFORMATION_FORMAT = dwarf;
				ENABLE_STRICT_OBJC_MSGSEND = YES;
				ENABLE_TESTABILITY = YES;
				GCC_C_LANGUAGE_STANDARD = gnu99;
				GCC_DYNAMIC_NO_PIC = NO;
				GCC_NO_COMMON_BLOCKS = YES;
				GCC_OPTIMIZATION_LEVEL = 0;
				GCC_PREPROCESSOR_DEFINITIONS = (
					"DEBUG=1",
					"$(inherited)",
				);
				GCC_WARN_64_TO_32_BIT_CONVERSION = YES;
				GCC_WARN_ABOUT_RETURN_TYPE = YES_ERROR;
				GCC_WARN_UNDECLARED_SELECTOR = YES;
				GCC_WARN_UNINITIALIZED_AUTOS = YES_AGGRESSIVE;
				GCC_WARN_UNUSED_FUNCTION = YES;
				GCC_WARN_UNUSED_VARIABLE = YES;
				IPHONEOS_DEPLOYMENT_TARGET = 10.0;
				MTL_ENABLE_DEBUG_INFO = YES;
				ONLY_ACTIVE_ARCH = YES;
				SDKROOT = iphoneos;
				SWIFT_ACTIVE_COMPILATION_CONDITIONS = DEBUG;
				SWIFT_OPTIMIZATION_LEVEL = "-Onone";
				TARGETED_DEVICE_FAMILY = "1,2";
			};
			name = Debug;
		};
		576DE14A1DFF8DE100667000 /* Release */ = {
			isa = XCBuildConfiguration;
			buildSettings = {
				ALWAYS_SEARCH_USER_PATHS = NO;
				CLANG_ANALYZER_NONNULL = YES;
				CLANG_CXX_LANGUAGE_STANDARD = "gnu++0x";
				CLANG_CXX_LIBRARY = "libc++";
				CLANG_ENABLE_MODULES = YES;
				CLANG_ENABLE_OBJC_ARC = YES;
				CLANG_WARN_BOOL_CONVERSION = YES;
				CLANG_WARN_CONSTANT_CONVERSION = YES;
				CLANG_WARN_DIRECT_OBJC_ISA_USAGE = YES_ERROR;
				CLANG_WARN_DOCUMENTATION_COMMENTS = YES;
				CLANG_WARN_EMPTY_BODY = YES;
				CLANG_WARN_ENUM_CONVERSION = YES;
				CLANG_WARN_INFINITE_RECURSION = YES;
				CLANG_WARN_INT_CONVERSION = YES;
				CLANG_WARN_OBJC_ROOT_CLASS = YES_ERROR;
				CLANG_WARN_SUSPICIOUS_MOVES = YES;
				CLANG_WARN_UNREACHABLE_CODE = YES;
				CLANG_WARN__DUPLICATE_METHOD_MATCH = YES;
				"CODE_SIGN_IDENTITY[sdk=iphoneos*]" = "iPhone Developer";
				COPY_PHASE_STRIP = NO;
				DEBUG_INFORMATION_FORMAT = "dwarf-with-dsym";
				ENABLE_NS_ASSERTIONS = NO;
				ENABLE_STRICT_OBJC_MSGSEND = YES;
				GCC_C_LANGUAGE_STANDARD = gnu99;
				GCC_NO_COMMON_BLOCKS = YES;
				GCC_WARN_64_TO_32_BIT_CONVERSION = YES;
				GCC_WARN_ABOUT_RETURN_TYPE = YES_ERROR;
				GCC_WARN_UNDECLARED_SELECTOR = YES;
				GCC_WARN_UNINITIALIZED_AUTOS = YES_AGGRESSIVE;
				GCC_WARN_UNUSED_FUNCTION = YES;
				GCC_WARN_UNUSED_VARIABLE = YES;
				IPHONEOS_DEPLOYMENT_TARGET = 10.0;
				MTL_ENABLE_DEBUG_INFO = NO;
				SDKROOT = iphoneos;
				SWIFT_OPTIMIZATION_LEVEL = "-Owholemodule";
				TARGETED_DEVICE_FAMILY = "1,2";
				VALIDATE_PRODUCT = YES;
			};
			name = Release;
		};
		576DE14C1DFF8DE100667000 /* Debug */ = {
			isa = XCBuildConfiguration;
			buildSettings = {
				ASSETCATALOG_COMPILER_APPICON_NAME = AppIcon;
				DEVELOPMENT_TEAM = K7Y6C8JUH6;
				INFOPLIST_FILE = Tmp/Info.plist;
				LD_RUNPATH_SEARCH_PATHS = "$(inherited) @executable_path/Frameworks";
				PRODUCT_BUNDLE_IDENTIFIER = "zhangyongjun.FMDB-use";
				PRODUCT_NAME = "$(TARGET_NAME)";
				SWIFT_VERSION = 3.0;
			};
			name = Debug;
		};
		576DE14D1DFF8DE100667000 /* Release */ = {
			isa = XCBuildConfiguration;
			buildSettings = {
				ASSETCATALOG_COMPILER_APPICON_NAME = AppIcon;
				DEVELOPMENT_TEAM = K7Y6C8JUH6;
				INFOPLIST_FILE = Tmp/Info.plist;
				LD_RUNPATH_SEARCH_PATHS = "$(inherited) @executable_path/Frameworks";
				PRODUCT_BUNDLE_IDENTIFIER = "zhangyongjun.FMDB-use";
				PRODUCT_NAME = "$(TARGET_NAME)";
				SWIFT_VERSION = 3.0;
			};
			name = Release;
		};
/* End XCBuildConfiguration section */

/* Begin XCConfigurationList section */
		576DE1341DFF8DE100667000 /* Build configuration list for PBXProject "Tmp" */ = {
			isa = XCConfigurationList;
			buildConfigurations = (
				576DE1491DFF8DE100667000 /* Debug */,
				576DE14A1DFF8DE100667000 /* Release */,
			);
			defaultConfigurationIsVisible = 0;
			defaultConfigurationName = Release;
		};
		576DE14B1DFF8DE100667000 /* Build configuration list for PBXNativeTarget "Tmp" */ = {
			isa = XCConfigurationList;
			buildConfigurations = (
				576DE14C1DFF8DE100667000 /* Debug */,
				576DE14D1DFF8DE100667000 /* Release */,
			);
			defaultConfigurationIsVisible = 0;
			defaultConfigurationName = Release;
		};
/* End XCConfigurationList section */
	};
	rootObject = 576DE1311DFF8DE100667000 /* Project object */;
}
